
Microsoft Visual Studio Solution File, Format Version 12.00
# Visual Studio Version 17
VisualStudioVersion = 17.4.33110.190
MinimumVisualStudioVersion = 10.0.40219.1
Project("{FAE04EC0-301F-11D3-BF4B-00C04F79EFBC}") = "CoreMVCCompositePrimaryKey", "CoreMVCCompositePrimaryKey\CoreMVCCompositePrimaryKey.csproj", "{F7A88572-09D9-4AB9-A216-D7805BE7082E}"
EndProject
Global
	GlobalSection(SolutionConfigurationPlatforms) = preSolution
		Debug|Any CPU = Debug|Any CPU
		Release|Any CPU = Release|Any CPU
	EndGlobalSection
	GlobalSection(ProjectConfigurationPlatforms) = postSolution
		{F7A88572-09D9-4AB9-A216-D7805BE7082E}.Debug|Any CPU.ActiveCfg = Debug|Any CPU
		{F7A88572-09D9-4AB9-A216-D7805BE7082E}.Debug|Any CPU.Build.0 = Debug|Any CPU
		{F7A88572-09D9-4AB9-A216-D7805BE7082E}.Release|Any CPU.ActiveCfg = Release|Any CPU
		{F7A88572-09D9-4AB9-A216-D7805BE7082E}.Release|Any CPU.Build.0 = Release|Any CPU
	EndGlobalSection
	GlobalSection(SolutionProperties) = preSolution
		HideSolutionNode = FALSE
	EndGlobalSection
	GlobalSection(ExtensibilityGlobals) = postSolution
		SolutionGuid = {69BD0DDD-E2DF-453E-BB18-23A5DA1C17EE}
	EndGlobalSection
EndGlobal
