
Microsoft Visual Studio Solution File, Format Version 12.00
# Visual Studio Version 17
VisualStudioVersion = 17.14.36518.9 d17.14
MinimumVisualStudioVersion = 10.0.40219.1
Project("{FAE04EC0-301F-11D3-BF4B-00C04F79EFBC}") = "WindowsFormsApp1", "WindowsFormsApp1\WindowsFormsApp1.csproj", "{DFC32A2A-A5C0-4B11-9856-BDFCBC1EFD7D}"
EndProject
Global
	GlobalSection(SolutionConfigurationPlatforms) = preSolution
		Debug|Any CPU = Debug|Any CPU
		Release|Any CPU = Release|Any CPU
	EndGlobalSection
	GlobalSection(ProjectConfigurationPlatforms) = postSolution
		{DFC32A2A-A5C0-4B11-9856-BDFCBC1EFD7D}.Debug|Any CPU.ActiveCfg = Debug|Any CPU
		{DFC32A2A-A5C0-4B11-9856-BDFCBC1EFD7D}.Debug|Any CPU.Build.0 = Debug|Any CPU
		{DFC32A2A-A5C0-4B11-9856-BDFCBC1EFD7D}.Release|Any CPU.ActiveCfg = Release|Any CPU
		{DFC32A2A-A5C0-4B11-9856-BDFCBC1EFD7D}.Release|Any CPU.Build.0 = Release|Any CPU
	EndGlobalSection
	GlobalSection(SolutionProperties) = preSolution
		HideSolutionNode = FALSE
	EndGlobalSection
	GlobalSection(ExtensibilityGlobals) = postSolution
		SolutionGuid = {1012E613-86DE-44E2-B186-29D364403934}
	EndGlobalSection
EndGlobal
