
Microsoft Visual Studio Solution File, Format Version 12.00
# Visual Studio Version 17
VisualStudioVersion = 17.14.36518.9 d17.14
MinimumVisualStudioVersion = 10.0.40219.1
Project("{FAE04EC0-301F-11D3-BF4B-00C04F79EFBC}") = "WindowsFormsApp1", "WindowsFormsApp1\WindowsFormsApp1.csproj", "{74B24BC0-DD73-4716-BA25-DFC43AEAC60A}"
EndProject
Global
	GlobalSection(SolutionConfigurationPlatforms) = preSolution
		Debug|Any CPU = Debug|Any CPU
		Release|Any CPU = Release|Any CPU
	EndGlobalSection
	GlobalSection(ProjectConfigurationPlatforms) = postSolution
		{74B24BC0-DD73-4716-BA25-DFC43AEAC60A}.Debug|Any CPU.ActiveCfg = Debug|Any CPU
		{74B24BC0-DD73-4716-BA25-DFC43AEAC60A}.Debug|Any CPU.Build.0 = Debug|Any CPU
		{74B24BC0-DD73-4716-BA25-DFC43AEAC60A}.Release|Any CPU.ActiveCfg = Release|Any CPU
		{74B24BC0-DD73-4716-BA25-DFC43AEAC60A}.Release|Any CPU.Build.0 = Release|Any CPU
	EndGlobalSection
	GlobalSection(SolutionProperties) = preSolution
		HideSolutionNode = FALSE
	EndGlobalSection
	GlobalSection(ExtensibilityGlobals) = postSolution
		SolutionGuid = {C8AC351C-B6CE-46FA-BAC1-81C8CDF8443F}
	EndGlobalSection
EndGlobal
