
Microsoft Visual Studio Solution File, Format Version 12.00
# Visual Studio Version 17
VisualStudioVersion = 17.14.36603.0 d17.14
MinimumVisualStudioVersion = 10.0.40219.1
Project("{FAE04EC0-301F-11D3-BF4B-00C04F79EFBC}") = "WindowsFormsApp7", "WindowsFormsApp7\WindowsFormsApp7.csproj", "{364420DC-1E21-4700-868F-88A07689E550}"
EndProject
Global
	GlobalSection(SolutionConfigurationPlatforms) = preSolution
		Debug|Any CPU = Debug|Any CPU
		Release|Any CPU = Release|Any CPU
	EndGlobalSection
	GlobalSection(ProjectConfigurationPlatforms) = postSolution
		{364420DC-1E21-4700-868F-88A07689E550}.Debug|Any CPU.ActiveCfg = Debug|Any CPU
		{364420DC-1E21-4700-868F-88A07689E550}.Debug|Any CPU.Build.0 = Debug|Any CPU
		{364420DC-1E21-4700-868F-88A07689E550}.Release|Any CPU.ActiveCfg = Release|Any CPU
		{364420DC-1E21-4700-868F-88A07689E550}.Release|Any CPU.Build.0 = Release|Any CPU
	EndGlobalSection
	GlobalSection(SolutionProperties) = preSolution
		HideSolutionNode = FALSE
	EndGlobalSection
	GlobalSection(ExtensibilityGlobals) = postSolution
		SolutionGuid = {A4D191A6-C6DB-4CDE-A5B2-8BA384DCB36B}
	EndGlobalSection
EndGlobal
