
Microsoft Visual Studio Solution File, Format Version 12.00
# Visual Studio Version 17
VisualStudioVersion = 17.4.33110.190
MinimumVisualStudioVersion = 10.0.40219.1
Project("{FAE04EC0-301F-11D3-BF4B-00C04F79EFBC}") = "CoreMVCValidation", "CoreMVCValidation\CoreMVCValidation.csproj", "{52668144-1858-4F2F-A9FC-4998F6A93878}"
EndProject
Global
	GlobalSection(SolutionConfigurationPlatforms) = preSolution
		Debug|Any CPU = Debug|Any CPU
		Release|Any CPU = Release|Any CPU
	EndGlobalSection
	GlobalSection(ProjectConfigurationPlatforms) = postSolution
		{52668144-1858-4F2F-A9FC-4998F6A93878}.Debug|Any CPU.ActiveCfg = Debug|Any CPU
		{52668144-1858-4F2F-A9FC-4998F6A93878}.Debug|Any CPU.Build.0 = Debug|Any CPU
		{52668144-1858-4F2F-A9FC-4998F6A93878}.Release|Any CPU.ActiveCfg = Release|Any CPU
		{52668144-1858-4F2F-A9FC-4998F6A93878}.Release|Any CPU.Build.0 = Release|Any CPU
	EndGlobalSection
	GlobalSection(SolutionProperties) = preSolution
		HideSolutionNode = FALSE
	EndGlobalSection
	GlobalSection(ExtensibilityGlobals) = postSolution
		SolutionGuid = {A5B69283-45B5-41BB-9B17-B884D7FD579A}
	EndGlobalSection
EndGlobal
